
Microsoft Visual Studio Solution File, Format Version 12.00
# Visual Studio Version 17
VisualStudioVersion = 17.5.002.0
MinimumVisualStudioVersion = 10.0.40219.1
Project("{9A19103F-16F7-4668-BE54-9A1E7A4F7556}") = "ex2", "ex2.csproj", "{EFFEC715-9A1F-4A50-B654-33D6C1979C50}"
EndProject
Global
	GlobalSection(SolutionConfigurationPlatforms) = preSolution
		Debug|Any CPU = Debug|Any CPU
		Release|Any CPU = Release|Any CPU
	EndGlobalSection
	GlobalSection(ProjectConfigurationPlatforms) = postSolution
		{EFFEC715-9A1F-4A50-B654-33D6C1979C50}.Debug|Any CPU.ActiveCfg = Debug|Any CPU
		{EFFEC715-9A1F-4A50-B654-33D6C1979C50}.Debug|Any CPU.Build.0 = Debug|Any CPU
		{EFFEC715-9A1F-4A50-B654-33D6C1979C50}.Release|Any CPU.ActiveCfg = Release|Any CPU
		{EFFEC715-9A1F-4A50-B654-33D6C1979C50}.Release|Any CPU.Build.0 = Release|Any CPU
	EndGlobalSection
	GlobalSection(SolutionProperties) = preSolution
		HideSolutionNode = FALSE
	EndGlobalSection
	GlobalSection(ExtensibilityGlobals) = postSolution
		SolutionGuid = {14E4DFE9-41FC-4936-AFAE-5BE5BC987B4A}
	EndGlobalSection
EndGlobal
