
Microsoft Visual Studio Solution File, Format Version 12.00
# Visual Studio Version 17
VisualStudioVersion = 17.5.002.0
MinimumVisualStudioVersion = 10.0.40219.1
Project("{9A19103F-16F7-4668-BE54-9A1E7A4F7556}") = "ex3", "ex3.csproj", "{90394247-E4AC-410C-B33E-9496CD3AB015}"
EndProject
Global
	GlobalSection(SolutionConfigurationPlatforms) = preSolution
		Debug|Any CPU = Debug|Any CPU
		Release|Any CPU = Release|Any CPU
	EndGlobalSection
	GlobalSection(ProjectConfigurationPlatforms) = postSolution
		{90394247-E4AC-410C-B33E-9496CD3AB015}.Debug|Any CPU.ActiveCfg = Debug|Any CPU
		{90394247-E4AC-410C-B33E-9496CD3AB015}.Debug|Any CPU.Build.0 = Debug|Any CPU
		{90394247-E4AC-410C-B33E-9496CD3AB015}.Release|Any CPU.ActiveCfg = Release|Any CPU
		{90394247-E4AC-410C-B33E-9496CD3AB015}.Release|Any CPU.Build.0 = Release|Any CPU
	EndGlobalSection
	GlobalSection(SolutionProperties) = preSolution
		HideSolutionNode = FALSE
	EndGlobalSection
	GlobalSection(ExtensibilityGlobals) = postSolution
		SolutionGuid = {C842916C-A110-46F3-998A-64873645FC01}
	EndGlobalSection
EndGlobal
